// !$*UTF8*$!
{
	archiveVersion = 1;
	classes = {
	};
	objectVersion = 56;
	objects = {

/* Begin PBXBuildFile section */
		363BBB0B2993222700403EE0 /* Colors.swift in Sources */ = {isa = PBXBuildFile; fileRef = 363BBB0A2993222700403EE0 /* Colors.swift */; };
		6B5631AC29CAAE3C00676D30 /* StatsView2.swift in Sources */ = {isa = PBXBuildFile; fileRef = 6B5631AB29CAAE3C00676D30 /* StatsView2.swift */; };
		6B5631AF29CAC9B800676D30 /* SwiftUICharts in Frameworks */ = {isa = PBXBuildFile; productRef = 6B5631AE29CAC9B800676D30 /* SwiftUICharts */; };
		6B5D5A0929A196C7004E0800 /* LoginView2.swift in Sources */ = {isa = PBXBuildFile; fileRef = 6B5D5A0329A196C6004E0800 /* LoginView2.swift */; };
		6B5D5A0A29A196C7004E0800 /* GenderQuestion.swift in Sources */ = {isa = PBXBuildFile; fileRef = 6B5D5A0429A196C6004E0800 /* GenderQuestion.swift */; };
		6B5D5A0B29A196C7004E0800 /* GolfFrequencyQuestion.swift in Sources */ = {isa = PBXBuildFile; fileRef = 6B5D5A0529A196C6004E0800 /* GolfFrequencyQuestion.swift */; };
		6B5D5A0C29A196C7004E0800 /* AgeQuestion.swift in Sources */ = {isa = PBXBuildFile; fileRef = 6B5D5A0629A196C6004E0800 /* AgeQuestion.swift */; };
		6B5D5A0D29A196C7004E0800 /* HandicapQuestion.swift in Sources */ = {isa = PBXBuildFile; fileRef = 6B5D5A0729A196C6004E0800 /* HandicapQuestion.swift */; };
		6B5D5A0E29A196C7004E0800 /* NewUserView2.swift in Sources */ = {isa = PBXBuildFile; fileRef = 6B5D5A0829A196C6004E0800 /* NewUserView2.swift */; };
		6B6F041529C953EB0096576D /* RadioButton.swift in Sources */ = {isa = PBXBuildFile; fileRef = 6B6F041429C953EB0096576D /* RadioButton.swift */; };
		AE4BFD5A29916B2000E54C66 /* FriendsView.swift in Sources */ = {isa = PBXBuildFile; fileRef = AE4BFD5929916B2000E54C66 /* FriendsView.swift */; };
		AE4BFD5C29916B4200E54C66 /* FriendsViewModel.swift in Sources */ = {isa = PBXBuildFile; fileRef = AE4BFD5B29916B4200E54C66 /* FriendsViewModel.swift */; };
		AE4BFD5E29916B8C00E54C66 /* StatsView.swift in Sources */ = {isa = PBXBuildFile; fileRef = AE4BFD5D29916B8C00E54C66 /* StatsView.swift */; };
		AEF105DA29BF8C8100403128 /* GroupPostRoundView.swift in Sources */ = {isa = PBXBuildFile; fileRef = AEF105D929BF8C8100403128 /* GroupPostRoundView.swift */; };
		AEF105DE29BF8D8600403128 /* GroupRecordScore.swift in Sources */ = {isa = PBXBuildFile; fileRef = AEF105DD29BF8D8600403128 /* GroupRecordScore.swift */; };
		BF0E1E9529C1382300781177 /* PlayRoundView.swift in Sources */ = {isa = PBXBuildFile; fileRef = BF0E1E9429C1382300781177 /* PlayRoundView.swift */; };
		BF0E1E9729C138E500781177 /* StartRoundViewModel.swift in Sources */ = {isa = PBXBuildFile; fileRef = BF0E1E9629C138E500781177 /* StartRoundViewModel.swift */; };
		BF0E1E9929C18C3600781177 /* WaitingRoomView.swift in Sources */ = {isa = PBXBuildFile; fileRef = BF0E1E9829C18C3600781177 /* WaitingRoomView.swift */; };
		BF0E1E9B29C18D3E00781177 /* AddPlayersView.swift in Sources */ = {isa = PBXBuildFile; fileRef = BF0E1E9A29C18D3E00781177 /* AddPlayersView.swift */; };
		BF7F9E362979DA8A0068F38C /* UserRowView.swift in Sources */ = {isa = PBXBuildFile; fileRef = BF7F9E352979DA8A0068F38C /* UserRowView.swift */; };
		BF7F9E3B2979DF360068F38C /* SideMenuView.swift in Sources */ = {isa = PBXBuildFile; fileRef = BF7F9E3A2979DF360068F38C /* SideMenuView.swift */; };
		BF7F9E3D2979DF580068F38C /* SideMenuOptionRowView.swift in Sources */ = {isa = PBXBuildFile; fileRef = BF7F9E3C2979DF580068F38C /* SideMenuOptionRowView.swift */; };
		BF7F9E3F2979DF7E0068F38C /* SideMenuViewModel.swift in Sources */ = {isa = PBXBuildFile; fileRef = BF7F9E3E2979DF7D0068F38C /* SideMenuViewModel.swift */; };
		BF7F9E412979E0F20068F38C /* UserFollowerStatsView.swift in Sources */ = {isa = PBXBuildFile; fileRef = BF7F9E402979E0F20068F38C /* UserFollowerStatsView.swift */; };
		BF7F9E432979F5660068F38C /* AddProfilePhotoView.swift in Sources */ = {isa = PBXBuildFile; fileRef = BF7F9E422979F5660068F38C /* AddProfilePhotoView.swift */; };
		BF7F9E462979F7E70068F38C /* ImagePicker.swift in Sources */ = {isa = PBXBuildFile; fileRef = BF7F9E452979F7E70068F38C /* ImagePicker.swift */; };
		BF7F9E482979FE230068F38C /* ImageUploader.swift in Sources */ = {isa = PBXBuildFile; fileRef = BF7F9E472979FE230068F38C /* ImageUploader.swift */; };
		BF7F9E4A297A1AD70068F38C /* UserService.swift in Sources */ = {isa = PBXBuildFile; fileRef = BF7F9E49297A1AD60068F38C /* UserService.swift */; };
		BF7F9E4C297A1D4E0068F38C /* User.swift in Sources */ = {isa = PBXBuildFile; fileRef = BF7F9E4B297A1D4E0068F38C /* User.swift */; };
		BF80715629D3AEF8009CF0AF /* RoundRecordedNotice.swift in Sources */ = {isa = PBXBuildFile; fileRef = BF80715529D3AEF8009CF0AF /* RoundRecordedNotice.swift */; };
		BF80E85E29D24DCE0013883B /* UserAndCourseRoundInfo.swift in Sources */ = {isa = PBXBuildFile; fileRef = BF80E85D29D24DCE0013883B /* UserAndCourseRoundInfo.swift */; };
		BF80E86029D250720013883B /* ScoreCardView.swift in Sources */ = {isa = PBXBuildFile; fileRef = BF80E85F29D250720013883B /* ScoreCardView.swift */; };
		BF95120A298C52E600230A4B /* RecordScore.swift in Sources */ = {isa = PBXBuildFile; fileRef = BF951209298C52E600230A4B /* RecordScore.swift */; };
		BF95120C298C8B4A00230A4B /* PostRoundView.swift in Sources */ = {isa = PBXBuildFile; fileRef = BF95120B298C8B4A00230A4B /* PostRoundView.swift */; };
		BFBA5A952980A5F900D57D5E /* ProfileViewModel.swift in Sources */ = {isa = PBXBuildFile; fileRef = BFBA5A942980A5F900D57D5E /* ProfileViewModel.swift */; };
		BFBA5A992980AD0A00D57D5E /* GolfRoundViewModel.swift in Sources */ = {isa = PBXBuildFile; fileRef = BFBA5A982980AD0A00D57D5E /* GolfRoundViewModel.swift */; };
		BFBA5A9B2989BA6100D57D5E /* GolfCourseService.swift in Sources */ = {isa = PBXBuildFile; fileRef = BFBA5A9A2989BA6100D57D5E /* GolfCourseService.swift */; };
		BFBA5A9D2989BAFE00D57D5E /* Course.swift in Sources */ = {isa = PBXBuildFile; fileRef = BFBA5A9C2989BAFE00D57D5E /* Course.swift */; };
		BFE23E87297A2BFB00730601 /* ExploreViewModel.swift in Sources */ = {isa = PBXBuildFile; fileRef = BFE23E86297A2BFB00730601 /* ExploreViewModel.swift */; };
		BFE23E89297A2EFA00730601 /* SearchBar.swift in Sources */ = {isa = PBXBuildFile; fileRef = BFE23E88297A2EFA00730601 /* SearchBar.swift */; };
		BFE23E8B297A4A3500730601 /* NewUserView.swift in Sources */ = {isa = PBXBuildFile; fileRef = BFE23E8A297A4A3500730601 /* NewUserView.swift */; };
		BFE23E8E297B084300730601 /* Kingfisher in Frameworks */ = {isa = PBXBuildFile; productRef = BFE23E8D297B084300730601 /* Kingfisher */; };
		BFE23E90297B0CCE00730601 /* GolfRoundService.swift in Sources */ = {isa = PBXBuildFile; fileRef = BFE23E8F297B0CCE00730601 /* GolfRoundService.swift */; };
		BFE23E94297B0E9200730601 /* PlayRoundViewModel.swift in Sources */ = {isa = PBXBuildFile; fileRef = BFE23E93297B0E9200730601 /* PlayRoundViewModel.swift */; };
		BFE23E96297B115E00730601 /* FeedViewModel.swift in Sources */ = {isa = PBXBuildFile; fileRef = BFE23E95297B115E00730601 /* FeedViewModel.swift */; };
		BFE23E98297B123900730601 /* GolfRound.swift in Sources */ = {isa = PBXBuildFile; fileRef = BFE23E97297B123900730601 /* GolfRound.swift */; };
		BFF22198297746E70074E6DE /* ProjectGoodGoodApp.swift in Sources */ = {isa = PBXBuildFile; fileRef = BFF22197297746E70074E6DE /* ProjectGoodGoodApp.swift */; };
		BFF2219A297746E70074E6DE /* ContentView.swift in Sources */ = {isa = PBXBuildFile; fileRef = BFF22199297746E70074E6DE /* ContentView.swift */; };
		BFF2219C297746EA0074E6DE /* Assets.xcassets in Resources */ = {isa = PBXBuildFile; fileRef = BFF2219B297746EA0074E6DE /* Assets.xcassets */; };
		BFF2219F297746EA0074E6DE /* Preview Assets.xcassets in Resources */ = {isa = PBXBuildFile; fileRef = BFF2219E297746EA0074E6DE /* Preview Assets.xcassets */; };
		BFF221AE297747AE0074E6DE /* FeedView.swift in Sources */ = {isa = PBXBuildFile; fileRef = BFF221AD297747AE0074E6DE /* FeedView.swift */; };
		BFF221B1297748760074E6DE /* GolfRoundView.swift in Sources */ = {isa = PBXBuildFile; fileRef = BFF221B0297748760074E6DE /* GolfRoundView.swift */; };
		BFF221B429774D960074E6DE /* MainTabView.swift in Sources */ = {isa = PBXBuildFile; fileRef = BFF221B329774D960074E6DE /* MainTabView.swift */; };
		BFF221B929774F3B0074E6DE /* ExploreView.swift in Sources */ = {isa = PBXBuildFile; fileRef = BFF221B829774F3B0074E6DE /* ExploreView.swift */; };
		BFF221BB297750060074E6DE /* ProfileView.swift in Sources */ = {isa = PBXBuildFile; fileRef = BFF221BA297750060074E6DE /* ProfileView.swift */; };
		BFF221BD297750160074E6DE /* StartRoundView.swift in Sources */ = {isa = PBXBuildFile; fileRef = BFF221BC297750160074E6DE /* StartRoundView.swift */; };
		BFF221C2297755130074E6DE /* LoginView.swift in Sources */ = {isa = PBXBuildFile; fileRef = BFF221C1297755130074E6DE /* LoginView.swift */; };
		BFF221C6297756910074E6DE /* RoundedShape.swift in Sources */ = {isa = PBXBuildFile; fileRef = BFF221C5297756910074E6DE /* RoundedShape.swift */; };
		BFF221CA29775B200074E6DE /* CustomInputField.swift in Sources */ = {isa = PBXBuildFile; fileRef = BFF221C929775B200074E6DE /* CustomInputField.swift */; };
		BFF221CD29775CE90074E6DE /* AuthenticationHeaderView.swift in Sources */ = {isa = PBXBuildFile; fileRef = BFF221CC29775CE90074E6DE /* AuthenticationHeaderView.swift */; };
		BFF221CF297770920074E6DE /* GoogleService-Info.plist in Resources */ = {isa = PBXBuildFile; fileRef = BFF221CE297770910074E6DE /* GoogleService-Info.plist */; };
		BFF221D2297771BD0074E6DE /* FirebaseAuth in Frameworks */ = {isa = PBXBuildFile; productRef = BFF221D1297771BD0074E6DE /* FirebaseAuth */; };
		BFF221D4297771BE0074E6DE /* FirebaseFirestore in Frameworks */ = {isa = PBXBuildFile; productRef = BFF221D3297771BE0074E6DE /* FirebaseFirestore */; };
		BFF221D6297771BE0074E6DE /* FirebaseFirestoreSwift in Frameworks */ = {isa = PBXBuildFile; productRef = BFF221D5297771BE0074E6DE /* FirebaseFirestoreSwift */; };
		BFF221D8297771BE0074E6DE /* FirebaseStorage in Frameworks */ = {isa = PBXBuildFile; productRef = BFF221D7297771BE0074E6DE /* FirebaseStorage */; };
		BFF221DA29777B120074E6DE /* AuthViewModel.swift in Sources */ = {isa = PBXBuildFile; fileRef = BFF221D929777B110074E6DE /* AuthViewModel.swift */; };
		BFF5682429C1AC2500006817 /* TempGroup.swift in Sources */ = {isa = PBXBuildFile; fileRef = BFF5682329C1AC2500006817 /* TempGroup.swift */; };
		BFF5682629C1AD1E00006817 /* TempRound.swift in Sources */ = {isa = PBXBuildFile; fileRef = BFF5682529C1AD1E00006817 /* TempRound.swift */; };
/* End PBXBuildFile section */

/* Begin PBXFileReference section */
		363BBB0A2993222700403EE0 /* Colors.swift */ = {isa = PBXFileReference; lastKnownFileType = sourcecode.swift; path = Colors.swift; sourceTree = "<group>"; };
		6B5631AB29CAAE3C00676D30 /* StatsView2.swift */ = {isa = PBXFileReference; lastKnownFileType = sourcecode.swift; path = StatsView2.swift; sourceTree = "<group>"; };
		6B5D5A0329A196C6004E0800 /* LoginView2.swift */ = {isa = PBXFileReference; fileEncoding = 4; lastKnownFileType = sourcecode.swift; path = LoginView2.swift; sourceTree = "<group>"; };
		6B5D5A0429A196C6004E0800 /* GenderQuestion.swift */ = {isa = PBXFileReference; fileEncoding = 4; lastKnownFileType = sourcecode.swift; path = GenderQuestion.swift; sourceTree = "<group>"; };
		6B5D5A0529A196C6004E0800 /* GolfFrequencyQuestion.swift */ = {isa = PBXFileReference; fileEncoding = 4; lastKnownFileType = sourcecode.swift; path = GolfFrequencyQuestion.swift; sourceTree = "<group>"; };
		6B5D5A0629A196C6004E0800 /* AgeQuestion.swift */ = {isa = PBXFileReference; fileEncoding = 4; lastKnownFileType = sourcecode.swift; path = AgeQuestion.swift; sourceTree = "<group>"; };
		6B5D5A0729A196C6004E0800 /* HandicapQuestion.swift */ = {isa = PBXFileReference; fileEncoding = 4; lastKnownFileType = sourcecode.swift; path = HandicapQuestion.swift; sourceTree = "<group>"; };
		6B5D5A0829A196C6004E0800 /* NewUserView2.swift */ = {isa = PBXFileReference; fileEncoding = 4; lastKnownFileType = sourcecode.swift; path = NewUserView2.swift; sourceTree = "<group>"; };
		6B6F041429C953EB0096576D /* RadioButton.swift */ = {isa = PBXFileReference; lastKnownFileType = sourcecode.swift; path = RadioButton.swift; sourceTree = "<group>"; };
		AE4BFD5929916B2000E54C66 /* FriendsView.swift */ = {isa = PBXFileReference; lastKnownFileType = sourcecode.swift; path = FriendsView.swift; sourceTree = "<group>"; };
		AE4BFD5B29916B4200E54C66 /* FriendsViewModel.swift */ = {isa = PBXFileReference; lastKnownFileType = sourcecode.swift; path = FriendsViewModel.swift; sourceTree = "<group>"; };
		AE4BFD5D29916B8C00E54C66 /* StatsView.swift */ = {isa = PBXFileReference; lastKnownFileType = sourcecode.swift; path = StatsView.swift; sourceTree = "<group>"; };
		AEF105D929BF8C8100403128 /* GroupPostRoundView.swift */ = {isa = PBXFileReference; lastKnownFileType = sourcecode.swift; path = GroupPostRoundView.swift; sourceTree = "<group>"; };
		AEF105DD29BF8D8600403128 /* GroupRecordScore.swift */ = {isa = PBXFileReference; lastKnownFileType = sourcecode.swift; path = GroupRecordScore.swift; sourceTree = "<group>"; };
		BF0E1E9429C1382300781177 /* PlayRoundView.swift */ = {isa = PBXFileReference; lastKnownFileType = sourcecode.swift; path = PlayRoundView.swift; sourceTree = "<group>"; };
		BF0E1E9629C138E500781177 /* StartRoundViewModel.swift */ = {isa = PBXFileReference; lastKnownFileType = sourcecode.swift; path = StartRoundViewModel.swift; sourceTree = "<group>"; };
		BF0E1E9829C18C3600781177 /* WaitingRoomView.swift */ = {isa = PBXFileReference; lastKnownFileType = sourcecode.swift; path = WaitingRoomView.swift; sourceTree = "<group>"; };
		BF0E1E9A29C18D3E00781177 /* AddPlayersView.swift */ = {isa = PBXFileReference; lastKnownFileType = sourcecode.swift; path = AddPlayersView.swift; sourceTree = "<group>"; };
		BF7F9E352979DA8A0068F38C /* UserRowView.swift */ = {isa = PBXFileReference; lastKnownFileType = sourcecode.swift; path = UserRowView.swift; sourceTree = "<group>"; };
		BF7F9E3A2979DF360068F38C /* SideMenuView.swift */ = {isa = PBXFileReference; lastKnownFileType = sourcecode.swift; path = SideMenuView.swift; sourceTree = "<group>"; };
		BF7F9E3C2979DF580068F38C /* SideMenuOptionRowView.swift */ = {isa = PBXFileReference; lastKnownFileType = sourcecode.swift; path = SideMenuOptionRowView.swift; sourceTree = "<group>"; };
		BF7F9E3E2979DF7D0068F38C /* SideMenuViewModel.swift */ = {isa = PBXFileReference; lastKnownFileType = sourcecode.swift; path = SideMenuViewModel.swift; sourceTree = "<group>"; };
		BF7F9E402979E0F20068F38C /* UserFollowerStatsView.swift */ = {isa = PBXFileReference; lastKnownFileType = sourcecode.swift; path = UserFollowerStatsView.swift; sourceTree = "<group>"; };
		BF7F9E422979F5660068F38C /* AddProfilePhotoView.swift */ = {isa = PBXFileReference; lastKnownFileType = sourcecode.swift; path = AddProfilePhotoView.swift; sourceTree = "<group>"; };
		BF7F9E452979F7E70068F38C /* ImagePicker.swift */ = {isa = PBXFileReference; lastKnownFileType = sourcecode.swift; path = ImagePicker.swift; sourceTree = "<group>"; };
		BF7F9E472979FE230068F38C /* ImageUploader.swift */ = {isa = PBXFileReference; lastKnownFileType = sourcecode.swift; path = ImageUploader.swift; sourceTree = "<group>"; };
		BF7F9E49297A1AD60068F38C /* UserService.swift */ = {isa = PBXFileReference; lastKnownFileType = sourcecode.swift; path = UserService.swift; sourceTree = "<group>"; };
		BF7F9E4B297A1D4E0068F38C /* User.swift */ = {isa = PBXFileReference; lastKnownFileType = sourcecode.swift; path = User.swift; sourceTree = "<group>"; };
		BF80715529D3AEF8009CF0AF /* RoundRecordedNotice.swift */ = {isa = PBXFileReference; lastKnownFileType = sourcecode.swift; path = RoundRecordedNotice.swift; sourceTree = "<group>"; };
		BF80E85D29D24DCE0013883B /* UserAndCourseRoundInfo.swift */ = {isa = PBXFileReference; lastKnownFileType = sourcecode.swift; path = UserAndCourseRoundInfo.swift; sourceTree = "<group>"; };
		BF80E85F29D250720013883B /* ScoreCardView.swift */ = {isa = PBXFileReference; lastKnownFileType = sourcecode.swift; path = ScoreCardView.swift; sourceTree = "<group>"; };
		BF951209298C52E600230A4B /* RecordScore.swift */ = {isa = PBXFileReference; lastKnownFileType = sourcecode.swift; path = RecordScore.swift; sourceTree = "<group>"; };
		BF95120B298C8B4A00230A4B /* PostRoundView.swift */ = {isa = PBXFileReference; lastKnownFileType = sourcecode.swift; path = PostRoundView.swift; sourceTree = "<group>"; };
		BFBA5A942980A5F900D57D5E /* ProfileViewModel.swift */ = {isa = PBXFileReference; lastKnownFileType = sourcecode.swift; path = ProfileViewModel.swift; sourceTree = "<group>"; };
		BFBA5A982980AD0A00D57D5E /* GolfRoundViewModel.swift */ = {isa = PBXFileReference; lastKnownFileType = sourcecode.swift; path = GolfRoundViewModel.swift; sourceTree = "<group>"; };
		BFBA5A9A2989BA6100D57D5E /* GolfCourseService.swift */ = {isa = PBXFileReference; lastKnownFileType = sourcecode.swift; path = GolfCourseService.swift; sourceTree = "<group>"; };
		BFBA5A9C2989BAFE00D57D5E /* Course.swift */ = {isa = PBXFileReference; lastKnownFileType = sourcecode.swift; path = Course.swift; sourceTree = "<group>"; };
		BFE23E86297A2BFB00730601 /* ExploreViewModel.swift */ = {isa = PBXFileReference; lastKnownFileType = sourcecode.swift; path = ExploreViewModel.swift; sourceTree = "<group>"; };
		BFE23E88297A2EFA00730601 /* SearchBar.swift */ = {isa = PBXFileReference; lastKnownFileType = sourcecode.swift; path = SearchBar.swift; sourceTree = "<group>"; };
		BFE23E8A297A4A3500730601 /* NewUserView.swift */ = {isa = PBXFileReference; lastKnownFileType = sourcecode.swift; path = NewUserView.swift; sourceTree = "<group>"; };
		BFE23E8F297B0CCE00730601 /* GolfRoundService.swift */ = {isa = PBXFileReference; lastKnownFileType = sourcecode.swift; path = GolfRoundService.swift; sourceTree = "<group>"; };
		BFE23E93297B0E9200730601 /* PlayRoundViewModel.swift */ = {isa = PBXFileReference; lastKnownFileType = sourcecode.swift; path = PlayRoundViewModel.swift; sourceTree = "<group>"; };
		BFE23E95297B115E00730601 /* FeedViewModel.swift */ = {isa = PBXFileReference; lastKnownFileType = sourcecode.swift; path = FeedViewModel.swift; sourceTree = "<group>"; };
		BFE23E97297B123900730601 /* GolfRound.swift */ = {isa = PBXFileReference; lastKnownFileType = sourcecode.swift; path = GolfRound.swift; sourceTree = "<group>"; };
		BFF22194297746E70074E6DE /* ProjectGoodGood.app */ = {isa = PBXFileReference; explicitFileType = wrapper.application; includeInIndex = 0; path = ProjectGoodGood.app; sourceTree = BUILT_PRODUCTS_DIR; };
		BFF22197297746E70074E6DE /* ProjectGoodGoodApp.swift */ = {isa = PBXFileReference; lastKnownFileType = sourcecode.swift; path = ProjectGoodGoodApp.swift; sourceTree = "<group>"; };
		BFF22199297746E70074E6DE /* ContentView.swift */ = {isa = PBXFileReference; lastKnownFileType = sourcecode.swift; path = ContentView.swift; sourceTree = "<group>"; };
		BFF2219B297746EA0074E6DE /* Assets.xcassets */ = {isa = PBXFileReference; lastKnownFileType = folder.assetcatalog; path = Assets.xcassets; sourceTree = "<group>"; };
		BFF2219E297746EA0074E6DE /* Preview Assets.xcassets */ = {isa = PBXFileReference; lastKnownFileType = folder.assetcatalog; path = "Preview Assets.xcassets"; sourceTree = "<group>"; };
		BFF221AD297747AE0074E6DE /* FeedView.swift */ = {isa = PBXFileReference; lastKnownFileType = sourcecode.swift; path = FeedView.swift; sourceTree = "<group>"; };
		BFF221B0297748760074E6DE /* GolfRoundView.swift */ = {isa = PBXFileReference; lastKnownFileType = sourcecode.swift; path = GolfRoundView.swift; sourceTree = "<group>"; };
		BFF221B329774D960074E6DE /* MainTabView.swift */ = {isa = PBXFileReference; lastKnownFileType = sourcecode.swift; path = MainTabView.swift; sourceTree = "<group>"; };
		BFF221B829774F3B0074E6DE /* ExploreView.swift */ = {isa = PBXFileReference; lastKnownFileType = sourcecode.swift; path = ExploreView.swift; sourceTree = "<group>"; };
		BFF221BA297750060074E6DE /* ProfileView.swift */ = {isa = PBXFileReference; lastKnownFileType = sourcecode.swift; path = ProfileView.swift; sourceTree = "<group>"; };
		BFF221BC297750160074E6DE /* StartRoundView.swift */ = {isa = PBXFileReference; lastKnownFileType = sourcecode.swift; path = StartRoundView.swift; sourceTree = "<group>"; };
		BFF221C1297755130074E6DE /* LoginView.swift */ = {isa = PBXFileReference; lastKnownFileType = sourcecode.swift; path = LoginView.swift; sourceTree = "<group>"; };
		BFF221C5297756910074E6DE /* RoundedShape.swift */ = {isa = PBXFileReference; lastKnownFileType = sourcecode.swift; path = RoundedShape.swift; sourceTree = "<group>"; };
		BFF221C929775B200074E6DE /* CustomInputField.swift */ = {isa = PBXFileReference; lastKnownFileType = sourcecode.swift; path = CustomInputField.swift; sourceTree = "<group>"; };
		BFF221CC29775CE90074E6DE /* AuthenticationHeaderView.swift */ = {isa = PBXFileReference; lastKnownFileType = sourcecode.swift; path = AuthenticationHeaderView.swift; sourceTree = "<group>"; };
		BFF221CE297770910074E6DE /* GoogleService-Info.plist */ = {isa = PBXFileReference; lastKnownFileType = text.plist; path = "GoogleService-Info.plist"; sourceTree = SOURCE_ROOT; };
		BFF221D929777B110074E6DE /* AuthViewModel.swift */ = {isa = PBXFileReference; lastKnownFileType = sourcecode.swift; path = AuthViewModel.swift; sourceTree = "<group>"; };
		BFF5682329C1AC2500006817 /* TempGroup.swift */ = {isa = PBXFileReference; lastKnownFileType = sourcecode.swift; path = TempGroup.swift; sourceTree = "<group>"; };
		BFF5682529C1AD1E00006817 /* TempRound.swift */ = {isa = PBXFileReference; lastKnownFileType = sourcecode.swift; path = TempRound.swift; sourceTree = "<group>"; };
/* End PBXFileReference section */

/* Begin PBXFrameworksBuildPhase section */
		BFF22191297746E70074E6DE /* Frameworks */ = {
			isa = PBXFrameworksBuildPhase;
			buildActionMask = 2147483647;
			files = (
				BFF221D2297771BD0074E6DE /* FirebaseAuth in Frameworks */,
				BFF221D8297771BE0074E6DE /* FirebaseStorage in Frameworks */,
				BFF221D4297771BE0074E6DE /* FirebaseFirestore in Frameworks */,
				6B5631AF29CAC9B800676D30 /* SwiftUICharts in Frameworks */,
				BFF221D6297771BE0074E6DE /* FirebaseFirestoreSwift in Frameworks */,
				BFE23E8E297B084300730601 /* Kingfisher in Frameworks */,
			);
			runOnlyForDeploymentPostprocessing = 0;
		};
/* End PBXFrameworksBuildPhase section */

/* Begin PBXGroup section */
		363BBB092993221900403EE0 /* Extensions */ = {
			isa = PBXGroup;
			children = (
				363BBB0A2993222700403EE0 /* Colors.swift */,
			);
			path = Extensions;
			sourceTree = "<group>";
		};
		BF7F9E342979DA730068F38C /* Users */ = {
			isa = PBXGroup;
			children = (
				BF7F9E352979DA8A0068F38C /* UserRowView.swift */,
				BF7F9E402979E0F20068F38C /* UserFollowerStatsView.swift */,
			);
			path = Users;
			sourceTree = "<group>";
		};
		BF7F9E372979DF0E0068F38C /* SideMenu */ = {
			isa = PBXGroup;
			children = (
				BF7F9E392979DF230068F38C /* Views */,
				BF7F9E382979DF160068F38C /* View Model */,
			);
			path = SideMenu;
			sourceTree = "<group>";
		};
		BF7F9E382979DF160068F38C /* View Model */ = {
			isa = PBXGroup;
			children = (
				BF7F9E3E2979DF7D0068F38C /* SideMenuViewModel.swift */,
			);
			path = "View Model";
			sourceTree = "<group>";
		};
		BF7F9E392979DF230068F38C /* Views */ = {
			isa = PBXGroup;
			children = (
				BF7F9E3A2979DF360068F38C /* SideMenuView.swift */,
				BF7F9E3C2979DF580068F38C /* SideMenuOptionRowView.swift */,
			);
			path = Views;
			sourceTree = "<group>";
		};
		BF7F9E442979F7D30068F38C /* Utils */ = {
			isa = PBXGroup;
			children = (
				BF7F9E452979F7E70068F38C /* ImagePicker.swift */,
			);
			path = Utils;
			sourceTree = "<group>";
		};
		BFBA5A922980A5D000D57D5E /* Views */ = {
			isa = PBXGroup;
			children = (
				BFF221BA297750060074E6DE /* ProfileView.swift */,
				AE4BFD5929916B2000E54C66 /* FriendsView.swift */,
				AE4BFD5D29916B8C00E54C66 /* StatsView.swift */,
				6B5631AB29CAAE3C00676D30 /* StatsView2.swift */,
			);
			path = Views;
			sourceTree = "<group>";
		};
		BFBA5A932980A5E200D57D5E /* View Model */ = {
			isa = PBXGroup;
			children = (
				BFBA5A942980A5F900D57D5E /* ProfileViewModel.swift */,
				AE4BFD5B29916B4200E54C66 /* FriendsViewModel.swift */,
			);
			path = "View Model";
			sourceTree = "<group>";
		};
		BFBA5A962980ACDE00D57D5E /* View */ = {
			isa = PBXGroup;
			children = (
				BFF221B0297748760074E6DE /* GolfRoundView.swift */,
				BF80E85D29D24DCE0013883B /* UserAndCourseRoundInfo.swift */,
				BF80E85F29D250720013883B /* ScoreCardView.swift */,
			);
			path = View;
			sourceTree = "<group>";
		};
		BFBA5A972980ACE700D57D5E /* ViewModel */ = {
			isa = PBXGroup;
			children = (
				BFBA5A982980AD0A00D57D5E /* GolfRoundViewModel.swift */,
			);
			path = ViewModel;
			sourceTree = "<group>";
		};
		BFE23E84297A2BD500730601 /* Views */ = {
			isa = PBXGroup;
			children = (
				BFE23E88297A2EFA00730601 /* SearchBar.swift */,
				BFF221B829774F3B0074E6DE /* ExploreView.swift */,
			);
			path = Views;
			sourceTree = "<group>";
		};
		BFE23E85297A2BE400730601 /* ViewModel */ = {
			isa = PBXGroup;
			children = (
				BFE23E86297A2BFB00730601 /* ExploreViewModel.swift */,
			);
			path = ViewModel;
			sourceTree = "<group>";
		};
		BFE23E91297B0E7100730601 /* Views */ = {
			isa = PBXGroup;
			children = (
				AEF105DD29BF8D8600403128 /* GroupRecordScore.swift */,
				BF951209298C52E600230A4B /* RecordScore.swift */,
				BFF221BC297750160074E6DE /* StartRoundView.swift */,
				BF95120B298C8B4A00230A4B /* PostRoundView.swift */,
				AEF105D929BF8C8100403128 /* GroupPostRoundView.swift */,
				BF0E1E9429C1382300781177 /* PlayRoundView.swift */,
				BF0E1E9829C18C3600781177 /* WaitingRoomView.swift */,
				BF0E1E9A29C18D3E00781177 /* AddPlayersView.swift */,
				BF80715529D3AEF8009CF0AF /* RoundRecordedNotice.swift */,
			);
			path = Views;
			sourceTree = "<group>";
		};
		BFE23E92297B0E7B00730601 /* ViewModel */ = {
			isa = PBXGroup;
			children = (
				BFE23E93297B0E9200730601 /* PlayRoundViewModel.swift */,
				BF0E1E9629C138E500781177 /* StartRoundViewModel.swift */,
			);
			path = ViewModel;
			sourceTree = "<group>";
		};
		BFF2218B297746E70074E6DE = {
			isa = PBXGroup;
			children = (
				BFF22196297746E70074E6DE /* ProjectGoodGood */,
				BFF22195297746E70074E6DE /* Products */,
			);
			sourceTree = "<group>";
		};
		BFF22195297746E70074E6DE /* Products */ = {
			isa = PBXGroup;
			children = (
				BFF22194297746E70074E6DE /* ProjectGoodGood.app */,
			);
			name = Products;
			sourceTree = "<group>";
		};
		BFF22196297746E70074E6DE /* ProjectGoodGood */ = {
			isa = PBXGroup;
			children = (
				363BBB092993221900403EE0 /* Extensions */,
				BF7F9E442979F7D30068F38C /* Utils */,
				BFF221A8297747480074E6DE /* Core */,
				BFF221A72977473C0074E6DE /* Service */,
				BFF221A6297747230074E6DE /* Model */,
				BFF22197297746E70074E6DE /* ProjectGoodGoodApp.swift */,
				BFF22199297746E70074E6DE /* ContentView.swift */,
				BFF2219B297746EA0074E6DE /* Assets.xcassets */,
				BFF221CE297770910074E6DE /* GoogleService-Info.plist */,
				BFF2219D297746EA0074E6DE /* Preview Content */,
			);
			path = ProjectGoodGood;
			sourceTree = "<group>";
		};
		BFF2219D297746EA0074E6DE /* Preview Content */ = {
			isa = PBXGroup;
			children = (
				BFF2219E297746EA0074E6DE /* Preview Assets.xcassets */,
			);
			path = "Preview Content";
			sourceTree = "<group>";
		};
		BFF221A6297747230074E6DE /* Model */ = {
			isa = PBXGroup;
			children = (
				BF7F9E4B297A1D4E0068F38C /* User.swift */,
				BFE23E97297B123900730601 /* GolfRound.swift */,
				BFBA5A9C2989BAFE00D57D5E /* Course.swift */,
				BFF5682329C1AC2500006817 /* TempGroup.swift */,
				BFF5682529C1AD1E00006817 /* TempRound.swift */,
			);
			path = Model;
			sourceTree = "<group>";
		};
		BFF221A72977473C0074E6DE /* Service */ = {
			isa = PBXGroup;
			children = (
				BF7F9E472979FE230068F38C /* ImageUploader.swift */,
				BF7F9E49297A1AD60068F38C /* UserService.swift */,
				BFE23E8F297B0CCE00730601 /* GolfRoundService.swift */,
				BFBA5A9A2989BA6100D57D5E /* GolfCourseService.swift */,
			);
			path = Service;
			sourceTree = "<group>";
		};
		BFF221A8297747480074E6DE /* Core */ = {
			isa = PBXGroup;
			children = (
				BF7F9E372979DF0E0068F38C /* SideMenu */,
				BFF221BE297754E60074E6DE /* Authentication */,
				BFF221A92977474F0074E6DE /* Components */,
				BFF221B729774E740074E6DE /* Explore */,
				BFF221B629774E710074E6DE /* Profile */,
				BFF221B529774E6B0074E6DE /* PlayRound */,
				BFF221B229774D810074E6DE /* MainTab */,
				BFF221AA297747570074E6DE /* Feed */,
			);
			path = Core;
			sourceTree = "<group>";
		};
		BFF221A92977474F0074E6DE /* Components */ = {
			isa = PBXGroup;
			children = (
				BF7F9E342979DA730068F38C /* Users */,
				BFF221CB29775CD20074E6DE /* Authentication */,
				BFF221AF2977485B0074E6DE /* GolfRounds */,
				BFF221C5297756910074E6DE /* RoundedShape.swift */,
				BFF221C929775B200074E6DE /* CustomInputField.swift */,
				6B6F041429C953EB0096576D /* RadioButton.swift */,
			);
			path = Components;
			sourceTree = "<group>";
		};
		BFF221AA297747570074E6DE /* Feed */ = {
			isa = PBXGroup;
			children = (
				BFF221AC297747980074E6DE /* Views */,
				BFF221AB297747910074E6DE /* ViewModel */,
			);
			path = Feed;
			sourceTree = "<group>";
		};
		BFF221AB297747910074E6DE /* ViewModel */ = {
			isa = PBXGroup;
			children = (
				BFE23E95297B115E00730601 /* FeedViewModel.swift */,
			);
			path = ViewModel;
			sourceTree = "<group>";
		};
		BFF221AC297747980074E6DE /* Views */ = {
			isa = PBXGroup;
			children = (
				BFF221AD297747AE0074E6DE /* FeedView.swift */,
			);
			path = Views;
			sourceTree = "<group>";
		};
		BFF221AF2977485B0074E6DE /* GolfRounds */ = {
			isa = PBXGroup;
			children = (
				BFBA5A972980ACE700D57D5E /* ViewModel */,
				BFBA5A962980ACDE00D57D5E /* View */,
			);
			path = GolfRounds;
			sourceTree = "<group>";
		};
		BFF221B229774D810074E6DE /* MainTab */ = {
			isa = PBXGroup;
			children = (
				BFF221B329774D960074E6DE /* MainTabView.swift */,
			);
			path = MainTab;
			sourceTree = "<group>";
		};
		BFF221B529774E6B0074E6DE /* PlayRound */ = {
			isa = PBXGroup;
			children = (
				BFE23E92297B0E7B00730601 /* ViewModel */,
				BFE23E91297B0E7100730601 /* Views */,
			);
			path = PlayRound;
			sourceTree = "<group>";
		};
		BFF221B629774E710074E6DE /* Profile */ = {
			isa = PBXGroup;
			children = (
				BFBA5A932980A5E200D57D5E /* View Model */,
				BFBA5A922980A5D000D57D5E /* Views */,
			);
			path = Profile;
			sourceTree = "<group>";
		};
		BFF221B729774E740074E6DE /* Explore */ = {
			isa = PBXGroup;
			children = (
				BFE23E85297A2BE400730601 /* ViewModel */,
				BFE23E84297A2BD500730601 /* Views */,
			);
			path = Explore;
			sourceTree = "<group>";
		};
		BFF221BE297754E60074E6DE /* Authentication */ = {
			isa = PBXGroup;
			children = (
				BFF221C0297754F60074E6DE /* View Model */,
				BFF221BF297754EF0074E6DE /* Views */,
			);
			path = Authentication;
			sourceTree = "<group>";
		};
		BFF221BF297754EF0074E6DE /* Views */ = {
			isa = PBXGroup;
			children = (
				BFF221C1297755130074E6DE /* LoginView.swift */,
				BF7F9E422979F5660068F38C /* AddProfilePhotoView.swift */,
				6B5D5A0629A196C6004E0800 /* AgeQuestion.swift */,
				6B5D5A0429A196C6004E0800 /* GenderQuestion.swift */,
				6B5D5A0529A196C6004E0800 /* GolfFrequencyQuestion.swift */,
				6B5D5A0729A196C6004E0800 /* HandicapQuestion.swift */,
				6B5D5A0329A196C6004E0800 /* LoginView2.swift */,
				6B5D5A0829A196C6004E0800 /* NewUserView2.swift */,
				BFE23E8A297A4A3500730601 /* NewUserView.swift */,
			);
			path = Views;
			sourceTree = "<group>";
		};
		BFF221C0297754F60074E6DE /* View Model */ = {
			isa = PBXGroup;
			children = (
				BFF221D929777B110074E6DE /* AuthViewModel.swift */,
			);
			path = "View Model";
			sourceTree = "<group>";
		};
		BFF221CB29775CD20074E6DE /* Authentication */ = {
			isa = PBXGroup;
			children = (
				BFF221CC29775CE90074E6DE /* AuthenticationHeaderView.swift */,
			);
			path = Authentication;
			sourceTree = "<group>";
		};
/* End PBXGroup section */

/* Begin PBXNativeTarget section */
		BFF22193297746E70074E6DE /* ProjectGoodGood */ = {
			isa = PBXNativeTarget;
			buildConfigurationList = BFF221A2297746EA0074E6DE /* Build configuration list for PBXNativeTarget "ProjectGoodGood" */;
			buildPhases = (
				BFF22190297746E70074E6DE /* Sources */,
				BFF22191297746E70074E6DE /* Frameworks */,
				BFF22192297746E70074E6DE /* Resources */,
			);
			buildRules = (
			);
			dependencies = (
			);
			name = ProjectGoodGood;
			packageProductDependencies = (
				BFF221D1297771BD0074E6DE /* FirebaseAuth */,
				BFF221D3297771BE0074E6DE /* FirebaseFirestore */,
				BFF221D5297771BE0074E6DE /* FirebaseFirestoreSwift */,
				BFF221D7297771BE0074E6DE /* FirebaseStorage */,
				BFE23E8D297B084300730601 /* Kingfisher */,
				6B5631AE29CAC9B800676D30 /* SwiftUICharts */,
			);
			productName = ProjectGoodGood;
			productReference = BFF22194297746E70074E6DE /* ProjectGoodGood.app */;
			productType = "com.apple.product-type.application";
		};
/* End PBXNativeTarget section */

/* Begin PBXProject section */
		BFF2218C297746E70074E6DE /* Project object */ = {
			isa = PBXProject;
			attributes = {
				BuildIndependentTargetsInParallel = 1;
				LastSwiftUpdateCheck = 1400;
				LastUpgradeCheck = 1400;
				TargetAttributes = {
					BFF22193297746E70074E6DE = {
						CreatedOnToolsVersion = 14.0.1;
					};
				};
			};
			buildConfigurationList = BFF2218F297746E70074E6DE /* Build configuration list for PBXProject "ProjectGoodGood" */;
			compatibilityVersion = "Xcode 14.0";
			developmentRegion = en;
			hasScannedForEncodings = 0;
			knownRegions = (
				en,
				Base,
			);
			mainGroup = BFF2218B297746E70074E6DE;
			packageReferences = (
				BFF221D0297771BD0074E6DE /* XCRemoteSwiftPackageReference "firebase-ios-sdk" */,
				BFE23E8C297B084300730601 /* XCRemoteSwiftPackageReference "Kingfisher" */,
				6B5631AD29CAC9B800676D30 /* XCRemoteSwiftPackageReference "SwiftUICharts" */,
			);
			productRefGroup = BFF22195297746E70074E6DE /* Products */;
			projectDirPath = "";
			projectRoot = "";
			targets = (
				BFF22193297746E70074E6DE /* ProjectGoodGood */,
			);
		};
/* End PBXProject section */

/* Begin PBXResourcesBuildPhase section */
		BFF22192297746E70074E6DE /* Resources */ = {
			isa = PBXResourcesBuildPhase;
			buildActionMask = 2147483647;
			files = (
				BFF2219F297746EA0074E6DE /* Preview Assets.xcassets in Resources */,
				BFF2219C297746EA0074E6DE /* Assets.xcassets in Resources */,
				BFF221CF297770920074E6DE /* GoogleService-Info.plist in Resources */,
			);
			runOnlyForDeploymentPostprocessing = 0;
		};
/* End PBXResourcesBuildPhase section */

/* Begin PBXSourcesBuildPhase section */
		BFF22190297746E70074E6DE /* Sources */ = {
			isa = PBXSourcesBuildPhase;
			buildActionMask = 2147483647;
			files = (
				BFBA5A9B2989BA6100D57D5E /* GolfCourseService.swift in Sources */,
				363BBB0B2993222700403EE0 /* Colors.swift in Sources */,
				BFF221CD29775CE90074E6DE /* AuthenticationHeaderView.swift in Sources */,
				BF7F9E362979DA8A0068F38C /* UserRowView.swift in Sources */,
				BF7F9E3B2979DF360068F38C /* SideMenuView.swift in Sources */,
				6B5D5A0C29A196C7004E0800 /* AgeQuestion.swift in Sources */,
				BF7F9E482979FE230068F38C /* ImageUploader.swift in Sources */,
				BF7F9E462979F7E70068F38C /* ImagePicker.swift in Sources */,
				BF7F9E432979F5660068F38C /* AddProfilePhotoView.swift in Sources */,
				BFF2219A297746E70074E6DE /* ContentView.swift in Sources */,
				BF7F9E4A297A1AD70068F38C /* UserService.swift in Sources */,
				BF80E86029D250720013883B /* ScoreCardView.swift in Sources */,
				BF7F9E3F2979DF7E0068F38C /* SideMenuViewModel.swift in Sources */,
				BFF221B1297748760074E6DE /* GolfRoundView.swift in Sources */,
				BFF221AE297747AE0074E6DE /* FeedView.swift in Sources */,
				BF80715629D3AEF8009CF0AF /* RoundRecordedNotice.swift in Sources */,
				BFF221C2297755130074E6DE /* LoginView.swift in Sources */,
				6B5D5A0929A196C7004E0800 /* LoginView2.swift in Sources */,
				BFBA5A952980A5F900D57D5E /* ProfileViewModel.swift in Sources */,
				6B5631AC29CAAE3C00676D30 /* StatsView2.swift in Sources */,
				AE4BFD5C29916B4200E54C66 /* FriendsViewModel.swift in Sources */,
				BF7F9E3D2979DF580068F38C /* SideMenuOptionRowView.swift in Sources */,
				BFE23E98297B123900730601 /* GolfRound.swift in Sources */,
				BF0E1E9529C1382300781177 /* PlayRoundView.swift in Sources */,
				BFBA5A992980AD0A00D57D5E /* GolfRoundViewModel.swift in Sources */,
				BFE23E89297A2EFA00730601 /* SearchBar.swift in Sources */,
				BFF221CA29775B200074E6DE /* CustomInputField.swift in Sources */,
				BF7F9E412979E0F20068F38C /* UserFollowerStatsView.swift in Sources */,
				6B6F041529C953EB0096576D /* RadioButton.swift in Sources */,
				6B5D5A0D29A196C7004E0800 /* HandicapQuestion.swift in Sources */,
				BFE23E8B297A4A3500730601 /* NewUserView.swift in Sources */,
				BFF22198297746E70074E6DE /* ProjectGoodGoodApp.swift in Sources */,
				BFBA5A9D2989BAFE00D57D5E /* Course.swift in Sources */,
				BFF221B929774F3B0074E6DE /* ExploreView.swift in Sources */,
				BFF221BB297750060074E6DE /* ProfileView.swift in Sources */,
				BFE23E96297B115E00730601 /* FeedViewModel.swift in Sources */,
				BFF5682629C1AD1E00006817 /* TempRound.swift in Sources */,
				6B5D5A0B29A196C7004E0800 /* GolfFrequencyQuestion.swift in Sources */,
				AEF105DE29BF8D8600403128 /* GroupRecordScore.swift in Sources */,
				AEF105DA29BF8C8100403128 /* GroupPostRoundView.swift in Sources */,
				BFE23E94297B0E9200730601 /* PlayRoundViewModel.swift in Sources */,
				BFF221B429774D960074E6DE /* MainTabView.swift in Sources */,
				BFF221DA29777B120074E6DE /* AuthViewModel.swift in Sources */,
				BFE23E90297B0CCE00730601 /* GolfRoundService.swift in Sources */,
				BF7F9E4C297A1D4E0068F38C /* User.swift in Sources */,
				6B5D5A0E29A196C7004E0800 /* NewUserView2.swift in Sources */,
				6B5D5A0A29A196C7004E0800 /* GenderQuestion.swift in Sources */,
				BF95120C298C8B4A00230A4B /* PostRoundView.swift in Sources */,
				BF95120A298C52E600230A4B /* RecordScore.swift in Sources */,
				BF0E1E9729C138E500781177 /* StartRoundViewModel.swift in Sources */,
				BFE23E87297A2BFB00730601 /* ExploreViewModel.swift in Sources */,
				BF0E1E9929C18C3600781177 /* WaitingRoomView.swift in Sources */,
				BF0E1E9B29C18D3E00781177 /* AddPlayersView.swift in Sources */,
				BF80E85E29D24DCE0013883B /* UserAndCourseRoundInfo.swift in Sources */,
				AE4BFD5E29916B8C00E54C66 /* StatsView.swift in Sources */,
				BFF221BD297750160074E6DE /* StartRoundView.swift in Sources */,
				BFF221C6297756910074E6DE /* RoundedShape.swift in Sources */,
				BFF5682429C1AC2500006817 /* TempGroup.swift in Sources */,
				AE4BFD5A29916B2000E54C66 /* FriendsView.swift in Sources */,
			);
			runOnlyForDeploymentPostprocessing = 0;
		};
/* End PBXSourcesBuildPhase section */

/* Begin XCBuildConfiguration section */
		BFF221A0297746EA0074E6DE /* Debug */ = {
			isa = XCBuildConfiguration;
			buildSettings = {
				ALWAYS_SEARCH_USER_PATHS = NO;
				CLANG_ANALYZER_NONNULL = YES;
				CLANG_ANALYZER_NUMBER_OBJECT_CONVERSION = YES_AGGRESSIVE;
				CLANG_CXX_LANGUAGE_STANDARD = "gnu++20";
				CLANG_ENABLE_MODULES = YES;
				CLANG_ENABLE_OBJC_ARC = YES;
				CLANG_ENABLE_OBJC_WEAK = YES;
				CLANG_WARN_BLOCK_CAPTURE_AUTORELEASING = YES;
				CLANG_WARN_BOOL_CONVERSION = YES;
				CLANG_WARN_COMMA = YES;
				CLANG_WARN_CONSTANT_CONVERSION = YES;
				CLANG_WARN_DEPRECATED_OBJC_IMPLEMENTATIONS = YES;
				CLANG_WARN_DIRECT_OBJC_ISA_USAGE = YES_ERROR;
				CLANG_WARN_DOCUMENTATION_COMMENTS = YES;
				CLANG_WARN_EMPTY_BODY = YES;
				CLANG_WARN_ENUM_CONVERSION = YES;
				CLANG_WARN_INFINITE_RECURSION = YES;
				CLANG_WARN_INT_CONVERSION = YES;
				CLANG_WARN_NON_LITERAL_NULL_CONVERSION = YES;
				CLANG_WARN_OBJC_IMPLICIT_RETAIN_SELF = YES;
				CLANG_WARN_OBJC_LITERAL_CONVERSION = YES;
				CLANG_WARN_OBJC_ROOT_CLASS = YES_ERROR;
				CLANG_WARN_QUOTED_INCLUDE_IN_FRAMEWORK_HEADER = YES;
				CLANG_WARN_RANGE_LOOP_ANALYSIS = YES;
				CLANG_WARN_STRICT_PROTOTYPES = YES;
				CLANG_WARN_SUSPICIOUS_MOVE = YES;
				CLANG_WARN_UNGUARDED_AVAILABILITY = YES_AGGRESSIVE;
				CLANG_WARN_UNREACHABLE_CODE = YES;
				CLANG_WARN__DUPLICATE_METHOD_MATCH = YES;
				COPY_PHASE_STRIP = NO;
				DEBUG_INFORMATION_FORMAT = dwarf;
				ENABLE_STRICT_OBJC_MSGSEND = YES;
				ENABLE_TESTABILITY = YES;
				GCC_C_LANGUAGE_STANDARD = gnu11;
				GCC_DYNAMIC_NO_PIC = NO;
				GCC_NO_COMMON_BLOCKS = YES;
				GCC_OPTIMIZATION_LEVEL = 0;
				GCC_PREPROCESSOR_DEFINITIONS = (
					"DEBUG=1",
					"$(inherited)",
				);
				GCC_WARN_64_TO_32_BIT_CONVERSION = YES;
				GCC_WARN_ABOUT_RETURN_TYPE = YES_ERROR;
				GCC_WARN_UNDECLARED_SELECTOR = YES;
				GCC_WARN_UNINITIALIZED_AUTOS = YES_AGGRESSIVE;
				GCC_WARN_UNUSED_FUNCTION = YES;
				GCC_WARN_UNUSED_VARIABLE = YES;
				IPHONEOS_DEPLOYMENT_TARGET = 16.0;
				MTL_ENABLE_DEBUG_INFO = INCLUDE_SOURCE;
				MTL_FAST_MATH = YES;
				ONLY_ACTIVE_ARCH = YES;
				SDKROOT = iphoneos;
				SWIFT_ACTIVE_COMPILATION_CONDITIONS = DEBUG;
				SWIFT_OPTIMIZATION_LEVEL = "-Onone";
			};
			name = Debug;
		};
		BFF221A1297746EA0074E6DE /* Release */ = {
			isa = XCBuildConfiguration;
			buildSettings = {
				ALWAYS_SEARCH_USER_PATHS = NO;
				CLANG_ANALYZER_NONNULL = YES;
				CLANG_ANALYZER_NUMBER_OBJECT_CONVERSION = YES_AGGRESSIVE;
				CLANG_CXX_LANGUAGE_STANDARD = "gnu++20";
				CLANG_ENABLE_MODULES = YES;
				CLANG_ENABLE_OBJC_ARC = YES;
				CLANG_ENABLE_OBJC_WEAK = YES;
				CLANG_WARN_BLOCK_CAPTURE_AUTORELEASING = YES;
				CLANG_WARN_BOOL_CONVERSION = YES;
				CLANG_WARN_COMMA = YES;
				CLANG_WARN_CONSTANT_CONVERSION = YES;
				CLANG_WARN_DEPRECATED_OBJC_IMPLEMENTATIONS = YES;
				CLANG_WARN_DIRECT_OBJC_ISA_USAGE = YES_ERROR;
				CLANG_WARN_DOCUMENTATION_COMMENTS = YES;
				CLANG_WARN_EMPTY_BODY = YES;
				CLANG_WARN_ENUM_CONVERSION = YES;
				CLANG_WARN_INFINITE_RECURSION = YES;
				CLANG_WARN_INT_CONVERSION = YES;
				CLANG_WARN_NON_LITERAL_NULL_CONVERSION = YES;
				CLANG_WARN_OBJC_IMPLICIT_RETAIN_SELF = YES;
				CLANG_WARN_OBJC_LITERAL_CONVERSION = YES;
				CLANG_WARN_OBJC_ROOT_CLASS = YES_ERROR;
				CLANG_WARN_QUOTED_INCLUDE_IN_FRAMEWORK_HEADER = YES;
				CLANG_WARN_RANGE_LOOP_ANALYSIS = YES;
				CLANG_WARN_STRICT_PROTOTYPES = YES;
				CLANG_WARN_SUSPICIOUS_MOVE = YES;
				CLANG_WARN_UNGUARDED_AVAILABILITY = YES_AGGRESSIVE;
				CLANG_WARN_UNREACHABLE_CODE = YES;
				CLANG_WARN__DUPLICATE_METHOD_MATCH = YES;
				COPY_PHASE_STRIP = NO;
				DEBUG_INFORMATION_FORMAT = "dwarf-with-dsym";
				ENABLE_NS_ASSERTIONS = NO;
				ENABLE_STRICT_OBJC_MSGSEND = YES;
				GCC_C_LANGUAGE_STANDARD = gnu11;
				GCC_NO_COMMON_BLOCKS = YES;
				GCC_WARN_64_TO_32_BIT_CONVERSION = YES;
				GCC_WARN_ABOUT_RETURN_TYPE = YES_ERROR;
				GCC_WARN_UNDECLARED_SELECTOR = YES;
				GCC_WARN_UNINITIALIZED_AUTOS = YES_AGGRESSIVE;
				GCC_WARN_UNUSED_FUNCTION = YES;
				GCC_WARN_UNUSED_VARIABLE = YES;
				IPHONEOS_DEPLOYMENT_TARGET = 16.0;
				MTL_ENABLE_DEBUG_INFO = NO;
				MTL_FAST_MATH = YES;
				SDKROOT = iphoneos;
				SWIFT_COMPILATION_MODE = wholemodule;
				SWIFT_OPTIMIZATION_LEVEL = "-O";
				VALIDATE_PRODUCT = YES;
			};
			name = Release;
		};
		BFF221A3297746EA0074E6DE /* Debug */ = {
			isa = XCBuildConfiguration;
			buildSettings = {
				ASSETCATALOG_COMPILER_APPICON_NAME = AppIcon;
				ASSETCATALOG_COMPILER_GLOBAL_ACCENT_COLOR_NAME = AccentColor;
				CODE_SIGN_STYLE = Automatic;
				CURRENT_PROJECT_VERSION = 6;
				DEVELOPMENT_ASSET_PATHS = "\"ProjectGoodGood/Preview Content\"";
				DEVELOPMENT_TEAM = NAJFB8G2FR;
				ENABLE_PREVIEWS = YES;
				GENERATE_INFOPLIST_FILE = YES;
				INFOPLIST_KEY_UIApplicationSceneManifest_Generation = YES;
				INFOPLIST_KEY_UIApplicationSupportsIndirectInputEvents = YES;
				INFOPLIST_KEY_UILaunchScreen_Generation = YES;
				INFOPLIST_KEY_UISupportedInterfaceOrientations_iPad = "UIInterfaceOrientationPortrait UIInterfaceOrientationPortraitUpsideDown UIInterfaceOrientationLandscapeLeft UIInterfaceOrientationLandscapeRight";
				INFOPLIST_KEY_UISupportedInterfaceOrientations_iPhone = "UIInterfaceOrientationPortrait UIInterfaceOrientationLandscapeLeft UIInterfaceOrientationLandscapeRight";
				LD_RUNPATH_SEARCH_PATHS = (
					"$(inherited)",
					"@executable_path/Frameworks",
				);
				MARKETING_VERSION = 0.2.0;
				PRODUCT_BUNDLE_IDENTIFIER = edu.byu.wellsBunker.ProjectGoodGood;
				PRODUCT_NAME = "$(TARGET_NAME)";
				SWIFT_EMIT_LOC_STRINGS = YES;
				SWIFT_VERSION = 5.0;
				TARGETED_DEVICE_FAMILY = "1,2";
			};
			name = Debug;
		};
		BFF221A4297746EA0074E6DE /* Release */ = {
			isa = XCBuildConfiguration;
			buildSettings = {
				ASSETCATALOG_COMPILER_APPICON_NAME = AppIcon;
				ASSETCATALOG_COMPILER_GLOBAL_ACCENT_COLOR_NAME = AccentColor;
				CODE_SIGN_STYLE = Automatic;
				CURRENT_PROJECT_VERSION = 6;
				DEVELOPMENT_ASSET_PATHS = "\"ProjectGoodGood/Preview Content\"";
				DEVELOPMENT_TEAM = NAJFB8G2FR;
				ENABLE_PREVIEWS = YES;
				GENERATE_INFOPLIST_FILE = YES;
				INFOPLIST_KEY_UIApplicationSceneManifest_Generation = YES;
				INFOPLIST_KEY_UIApplicationSupportsIndirectInputEvents = YES;
				INFOPLIST_KEY_UILaunchScreen_Generation = YES;
				INFOPLIST_KEY_UISupportedInterfaceOrientations_iPad = "UIInterfaceOrientationPortrait UIInterfaceOrientationPortraitUpsideDown UIInterfaceOrientationLandscapeLeft UIInterfaceOrientationLandscapeRight";
				INFOPLIST_KEY_UISupportedInterfaceOrientations_iPhone = "UIInterfaceOrientationPortrait UIInterfaceOrientationLandscapeLeft UIInterfaceOrientationLandscapeRight";
				LD_RUNPATH_SEARCH_PATHS = (
					"$(inherited)",
					"@executable_path/Frameworks",
				);
				MARKETING_VERSION = 0.2.0;
				PRODUCT_BUNDLE_IDENTIFIER = edu.byu.wellsBunker.ProjectGoodGood;
				PRODUCT_NAME = "$(TARGET_NAME)";
				SWIFT_EMIT_LOC_STRINGS = YES;
				SWIFT_VERSION = 5.0;
				TARGETED_DEVICE_FAMILY = "1,2";
			};
			name = Release;
		};
/* End XCBuildConfiguration section */

/* Begin XCConfigurationList section */
		BFF2218F297746E70074E6DE /* Build configuration list for PBXProject "ProjectGoodGood" */ = {
			isa = XCConfigurationList;
			buildConfigurations = (
				BFF221A0297746EA0074E6DE /* Debug */,
				BFF221A1297746EA0074E6DE /* Release */,
			);
			defaultConfigurationIsVisible = 0;
			defaultConfigurationName = Release;
		};
		BFF221A2297746EA0074E6DE /* Build configuration list for PBXNativeTarget "ProjectGoodGood" */ = {
			isa = XCConfigurationList;
			buildConfigurations = (
				BFF221A3297746EA0074E6DE /* Debug */,
				BFF221A4297746EA0074E6DE /* Release */,
			);
			defaultConfigurationIsVisible = 0;
			defaultConfigurationName = Release;
		};
/* End XCConfigurationList section */

/* Begin XCRemoteSwiftPackageReference section */
		6B5631AD29CAC9B800676D30 /* XCRemoteSwiftPackageReference "SwiftUICharts" */ = {
			isa = XCRemoteSwiftPackageReference;
			repositoryURL = "https://github.com/willdale/SwiftUICharts.git";
			requirement = {
				branch = main;
				kind = branch;
			};
		};
		BFE23E8C297B084300730601 /* XCRemoteSwiftPackageReference "Kingfisher" */ = {
			isa = XCRemoteSwiftPackageReference;
			repositoryURL = "https://github.com/onevcat/Kingfisher.git";
			requirement = {
				kind = upToNextMajorVersion;
				minimumVersion = 7.0.0;
			};
		};
		BFF221D0297771BD0074E6DE /* XCRemoteSwiftPackageReference "firebase-ios-sdk" */ = {
			isa = XCRemoteSwiftPackageReference;
			repositoryURL = "https://github.com/firebase/firebase-ios-sdk";
			requirement = {
				kind = upToNextMajorVersion;
				minimumVersion = 9.0.0;
			};
		};
/* End XCRemoteSwiftPackageReference section */

/* Begin XCSwiftPackageProductDependency section */
		6B5631AE29CAC9B800676D30 /* SwiftUICharts */ = {
			isa = XCSwiftPackageProductDependency;
			package = 6B5631AD29CAC9B800676D30 /* XCRemoteSwiftPackageReference "SwiftUICharts" */;
			productName = SwiftUICharts;
		};
		BFE23E8D297B084300730601 /* Kingfisher */ = {
			isa = XCSwiftPackageProductDependency;
			package = BFE23E8C297B084300730601 /* XCRemoteSwiftPackageReference "Kingfisher" */;
			productName = Kingfisher;
		};
		BFF221D1297771BD0074E6DE /* FirebaseAuth */ = {
			isa = XCSwiftPackageProductDependency;
			package = BFF221D0297771BD0074E6DE /* XCRemoteSwiftPackageReference "firebase-ios-sdk" */;
			productName = FirebaseAuth;
		};
		BFF221D3297771BE0074E6DE /* FirebaseFirestore */ = {
			isa = XCSwiftPackageProductDependency;
			package = BFF221D0297771BD0074E6DE /* XCRemoteSwiftPackageReference "firebase-ios-sdk" */;
			productName = FirebaseFirestore;
		};
		BFF221D5297771BE0074E6DE /* FirebaseFirestoreSwift */ = {
			isa = XCSwiftPackageProductDependency;
			package = BFF221D0297771BD0074E6DE /* XCRemoteSwiftPackageReference "firebase-ios-sdk" */;
			productName = FirebaseFirestoreSwift;
		};
		BFF221D7297771BE0074E6DE /* FirebaseStorage */ = {
			isa = XCSwiftPackageProductDependency;
			package = BFF221D0297771BD0074E6DE /* XCRemoteSwiftPackageReference "firebase-ios-sdk" */;
			productName = FirebaseStorage;
		};
/* End XCSwiftPackageProductDependency section */
	};
	rootObject = BFF2218C297746E70074E6DE /* Project object */;
}
